
Microsoft Visual Studio Solution File, Format Version 12.00
# Visual Studio Version 17
VisualStudioVersion = 17.4.33213.308
MinimumVisualStudioVersion = 10.0.40219.1
Project("{FAE04EC0-301F-11D3-BF4B-00C04F79EFBC}") = "ProyectPipeline", "ProyectPipeline\ProyectPipeline.csproj", "{BBA27607-FE75-4F92-8F48-F3E4FD099757}"
EndProject
Global
	GlobalSection(SolutionConfigurationPlatforms) = preSolution
		Debug|Any CPU = Debug|Any CPU
		Release|Any CPU = Release|Any CPU
	EndGlobalSection
	GlobalSection(ProjectConfigurationPlatforms) = postSolution
		{BBA27607-FE75-4F92-8F48-F3E4FD099757}.Debug|Any CPU.ActiveCfg = Debug|Any CPU
		{BBA27607-FE75-4F92-8F48-F3E4FD099757}.Debug|Any CPU.Build.0 = Debug|Any CPU
		{BBA27607-FE75-4F92-8F48-F3E4FD099757}.Release|Any CPU.ActiveCfg = Release|Any CPU
		{BBA27607-FE75-4F92-8F48-F3E4FD099757}.Release|Any CPU.Build.0 = Release|Any CPU
	EndGlobalSection
	GlobalSection(SolutionProperties) = preSolution
		HideSolutionNode = FALSE
	EndGlobalSection
	GlobalSection(ExtensibilityGlobals) = postSolution
		SolutionGuid = {4F753771-4C06-45A2-AA1B-4F8D50669117}
	EndGlobalSection
EndGlobal
